
Microsoft Visual Studio Solution File, Format Version 12.00
Project("{2150E333-8FDC-42A3-9474-1A3956D46DE8}") = "src", "src", "{827E0CD3-B72D-47B6-A68D-7590B98EB39B}"
EndProject
Project("{FAE04EC0-301F-11D3-BF4B-00C04F79EFBC}") = "Orleans.Partitioned.Transactional.DynamoDB", "src\Orleans.Partitioned.Transactional.DynamoDB\Orleans.Partitioned.Transactional.DynamoDB.csproj", "{25A7F010-9AB5-4643-A1A0-BBF62F1DBDB3}"
EndProject
Project("{2150E333-8FDC-42A3-9474-1A3956D46DE8}") = "test", "test", "{0C88DD14-F956-CE84-757C-A364CCF449FC}"
EndProject
Project("{FAE04EC0-301F-11D3-BF4B-00C04F79EFBC}") = "Orleans.Partitioned.Transactional.DynamoDB.Tests", "test\Orleans.Partitioned.Transactional.DynamoDB.Tests\Orleans.Partitioned.Transactional.DynamoDB.Tests.csproj", "{E64E4619-8F06-4902-BED8-2A560F6E93FC}"
EndProject
Global
	GlobalSection(SolutionConfigurationPlatforms) = preSolution
		Debug|Any CPU = Debug|Any CPU
		Debug|x64 = Debug|x64
		Debug|x86 = Debug|x86
		Release|Any CPU = Release|Any CPU
		Release|x64 = Release|x64
		Release|x86 = Release|x86
	EndGlobalSection
	GlobalSection(ProjectConfigurationPlatforms) = postSolution
		{25A7F010-9AB5-4643-A1A0-BBF62F1DBDB3}.Debug|Any CPU.ActiveCfg = Debug|Any CPU
		{25A7F010-9AB5-4643-A1A0-BBF62F1DBDB3}.Debug|Any CPU.Build.0 = Debug|Any CPU
		{25A7F010-9AB5-4643-A1A0-BBF62F1DBDB3}.Debug|x64.ActiveCfg = Debug|Any CPU
		{25A7F010-9AB5-4643-A1A0-BBF62F1DBDB3}.Debug|x64.Build.0 = Debug|Any CPU
		{25A7F010-9AB5-4643-A1A0-BBF62F1DBDB3}.Debug|x86.ActiveCfg = Debug|Any CPU
		{25A7F010-9AB5-4643-A1A0-BBF62F1DBDB3}.Debug|x86.Build.0 = Debug|Any CPU
		{25A7F010-9AB5-4643-A1A0-BBF62F1DBDB3}.Release|Any CPU.ActiveCfg = Release|Any CPU
		{25A7F010-9AB5-4643-A1A0-BBF62F1DBDB3}.Release|Any CPU.Build.0 = Release|Any CPU
		{25A7F010-9AB5-4643-A1A0-BBF62F1DBDB3}.Release|x64.ActiveCfg = Release|Any CPU
		{25A7F010-9AB5-4643-A1A0-BBF62F1DBDB3}.Release|x64.Build.0 = Release|Any CPU
		{25A7F010-9AB5-4643-A1A0-BBF62F1DBDB3}.Release|x86.ActiveCfg = Release|Any CPU
		{25A7F010-9AB5-4643-A1A0-BBF62F1DBDB3}.Release|x86.Build.0 = Release|Any CPU
		{E64E4619-8F06-4902-BED8-2A560F6E93FC}.Debug|Any CPU.ActiveCfg = Debug|Any CPU
		{E64E4619-8F06-4902-BED8-2A560F6E93FC}.Debug|Any CPU.Build.0 = Debug|Any CPU
		{E64E4619-8F06-4902-BED8-2A560F6E93FC}.Debug|x64.ActiveCfg = Debug|Any CPU
		{E64E4619-8F06-4902-BED8-2A560F6E93FC}.Debug|x64.Build.0 = Debug|Any CPU
		{E64E4619-8F06-4902-BED8-2A560F6E93FC}.Debug|x86.ActiveCfg = Debug|Any CPU
		{E64E4619-8F06-4902-BED8-2A560F6E93FC}.Debug|x86.Build.0 = Debug|Any CPU
		{E64E4619-8F06-4902-BED8-2A560F6E93FC}.Release|Any CPU.ActiveCfg = Release|Any CPU
		{E64E4619-8F06-4902-BED8-2A560F6E93FC}.Release|Any CPU.Build.0 = Release|Any CPU
		{E64E4619-8F06-4902-BED8-2A560F6E93FC}.Release|x64.ActiveCfg = Release|Any CPU
		{E64E4619-8F06-4902-BED8-2A560F6E93FC}.Release|x64.Build.0 = Release|Any CPU
		{E64E4619-8F06-4902-BED8-2A560F6E93FC}.Release|x86.ActiveCfg = Release|Any CPU
		{E64E4619-8F06-4902-BED8-2A560F6E93FC}.Release|x86.Build.0 = Release|Any CPU
	EndGlobalSection
	GlobalSection(SolutionProperties) = preSolution
		HideSolutionNode = FALSE
	EndGlobalSection
	GlobalSection(NestedProjects) = preSolution
		{25A7F010-9AB5-4643-A1A0-BBF62F1DBDB3} = {827E0CD3-B72D-47B6-A68D-7590B98EB39B}
		{E64E4619-8F06-4902-BED8-2A560F6E93FC} = {0C88DD14-F956-CE84-757C-A364CCF449FC}
	EndGlobalSection
EndGlobal
